id: gpsrx_receiver
label: GPS Receiver
category: '[gpsrx]'
flags: [python]
documentation: 'The whole receiver in one block: Acquisition -> N x (Channel -> Nav Decoder) -> PVT.

  Complex baseband in; ''fix'' out, plus every inner message port (''sky'', ''status'', ''obs'',

  ''nav'') for a Status block or a Message Debug. The same wiring laid out block by block is

  examples/gpsrx_canvas.grc. Hold: file replay only. Channel engine: the C++

  Channel keeps up with a radio; the Python one is for replay and reading.'
templates: {imports: from gnuradio import gpsrx, make: 'gpsrx.receiver(samp_rate=${samp_rate}, n_channels=${n_channels},
    interval_s=${interval_s}, threshold=${threshold}, iono_file=${iono_file}, fix_file=${fix_file}, hold=${hold},
    engine=${engine}, eph_file=${eph_file}, smoothing=${smoothing}, kf_vel_sd=${kf_vel_sd}, lo_search_hz=${lo_search_hz},
    n_galileo=${n_galileo}, rinex_file=${rinex_file}, mask_deg=${mask_deg})'}
parameters:
- {id: samp_rate, label: Sample rate, dtype: real, default: samp_rate}
- {id: n_channels, label: Channels, dtype: int, default: '8'}
- {id: n_galileo, label: Galileo E1-B channels (needs >= 4 MS/s; Python), dtype: int, default: '0'}
- id: engine
  label: Channel engine
  dtype: enum
  default: '''auto'''
  options: ['''auto''', '''cpp''', '''python''']
  option_labels: [C++ if built, C++ (live), Python (replay only)]
- {id: interval_s, label: Search interval (s), dtype: real, default: '20.0'}
- {id: threshold, label: Threshold, dtype: real, default: '2.5'}
- {id: iono_file, label: Iono file, dtype: file_open, default: ''''''}
- {id: fix_file, label: Fix file, dtype: file_save, default: ''''''}
- id: hold
  label: Hold the stream while searching
  dtype: enum
  default: 'False'
  options: ['False', 'True']
  option_labels: [No (radio), Yes (file replay)]
- {id: eph_file, label: Ephemeris file (warm start), dtype: file_save, default: ''''''}
- {id: smoothing, label: 'Carrier smoothing (epochs, 0 = off)', dtype: int, default: '100'}
- {id: kf_vel_sd, label: 'Kalman velocity noise (m/s/sqrt(s), 0 = off)', dtype: real, default: '4.0'}
- {id: lo_search_hz, label: 'LO offset search (+-Hz; 50000 for an RTL-SDR, 0 = off)', dtype: real, default: '0.0'}
- {id: rinex_file, label: RINEX file (obs; + .nav), dtype: file_save, default: '''''', hide: part}
- {id: mask_deg, label: 'Elevation mask (deg, 0 = weighting only)', dtype: real, default: '0.0', hide: part}
inputs:
- {domain: stream, dtype: complex}
outputs:
- {domain: message, id: sky, optional: true}
- {domain: message, id: status, optional: true}
- {domain: message, id: obs, optional: true}
- {domain: message, id: nav, optional: true}
- {domain: message, id: fix, optional: true}
file_format: 1
