id: gpsrx_channel
label: GPS Channel
category: '[gpsrx]'
flags: [python]
documentation: 'One satellite''s tracking loop. Complex baseband in; the prompt correlation out, one item
  per

  code period (1 kHz complex: the sign of the real part is the 50 bit/s navigation data).

  Carrier wipe-off (NCO), early/prompt/late C/A code correlators, Costas PLL (atan(Q/I),

  blind to the data flips), early-late DLL, carrier-aided code rate. Consumes exactly one

  code period per step, so its period count IS the satellite''s clock; ''obs'' reports once a

  second the period count and the code epoch''s arrival as a fractional input sample - the

  two numbers a pseudorange is made of.

  Two stages: wide loops and 1 ms integration to pull in, then - once the data-bit edges

  are found - NARROW loops and coherent integration over a whole bit (as gnss-sdr does).

  Static antenna: 5 Hz narrow PLL; moving: 8-15 Hz. 0 disables the second stage.

  Idle until ''assign'' names its slot (from the Acquisition block). ''status'' says tracking /

  lost / idle. Slot: this channel''s number; Acquisition assigns by it.'
templates: {imports: from gnuradio import gpsrx, make: 'gpsrx.channel(samp_rate=${samp_rate}, slot=${slot},
    pll_bw=${pll_bw}, dll_bw=${dll_bw}, obs_every_ms=${obs_every_ms}, pll_bw_narrow=${pll_bw_narrow},
    dll_bw_narrow=${dll_bw_narrow}, coherent_ms=${coherent_ms}, pll_order=${pll_order}, signal=${signal})'}
parameters:
- {id: samp_rate, label: Sample rate, dtype: real, default: samp_rate}
- {id: slot, label: Slot, dtype: int, default: '0'}
- id: signal
  label: Signal
  dtype: enum
  default: '''L1CA'''
  options: ['''L1CA''', '''E1''', '''E1B''']
  option_labels: [GPS L1 C/A, Galileo E1 (pilot-aided), Galileo E1-B only]
- {id: pll_bw, label: PLL bandwidth (Hz), dtype: real, default: '18.0'}
- {id: dll_bw, label: DLL bandwidth (Hz), dtype: real, default: '2.0'}
- {id: obs_every_ms, label: Observable every (periods), dtype: int, default: '1000', hide: part}
- {id: pll_bw_narrow, label: PLL bandwidth after bit sync (Hz), dtype: real, default: '15.0'}
- {id: dll_bw_narrow, label: DLL bandwidth after bit sync (Hz), dtype: real, default: '0.5'}
- {id: coherent_ms, label: Coherent integration after bit sync (ms), dtype: int, default: '20'}
- id: pll_order
  label: PLL order after bit sync
  dtype: enum
  default: '3'
  options: ['3', '2']
  option_labels: ['3 (follows a Doppler rate: moving)', 2 (classic)]
inputs:
- {domain: stream, dtype: complex}
- {domain: message, id: assign}
outputs:
- {domain: stream, dtype: complex}
- {domain: message, id: obs}
- {domain: message, id: status, optional: true}
file_format: 1
